<?xml version="1.0" encoding="UTF-8" standalone="yes" ?>
<CodeBlocks_project_file>
	<FileVersion major="1" minor="6" />
	<Project>
		<Option title="AProEMemory" />
		<Option pch_mode="2" />
		<Option compiler="gcc" />
		<Build>
			<Target title="Debug">
				<Option output="bin\debug\AProEMemory" prefix_auto="1" extension_auto="1" />
				<Option object_output="obj\debug\" />
				<Option type="3" />
				<Option compiler="gcc" />
				<Option createDefFile="1" />
				<Option createStaticLib="1" />
				<Compiler>
					<Add option="-std=c++0x" />
					<Add option="-Wall" />
					<Add option="-g" />
					<Add option="-DBUILD_DLL" />
				</Compiler>
				<Linker>
					<Add library="user32" />
				</Linker>
			</Target>
			<Target title="Release">
				<Option output="bin\release\AProEMemory" prefix_auto="1" extension_auto="1" />
				<Option object_output="obj\release\" />
				<Option type="3" />
				<Option compiler="gcc" />
				<Option createDefFile="1" />
				<Option createStaticLib="1" />
				<Compiler>
					<Add option="-O2" />
					<Add option="-std=c++0x" />
					<Add option="-Wall" />
					<Add option="-DBUILD_DLL" />
				</Compiler>
				<Linker>
					<Add option="-s" />
					<Add library="user32" />
				</Linker>
			</Target>
		</Build>
		<Compiler>
			<Add option="-fexpensive-optimizations" />
			<Add option="-std=c++0x" />
			<Add option="-DBUILD_DLL" />
			<Add directory="inc" />
		</Compiler>
		<Unit filename="inc\Allocator.h" />
		<Unit filename="inc\Array.h" />
		<Unit filename="inc\Base.h" />
		<Unit filename="inc\Console.h" />
		<Unit filename="inc\Context.h" />
		<Unit filename="inc\Dialog.h" />
		<Unit filename="inc\Dictionnary.h" />
		<Unit filename="inc\DynamicLibrary.h" />
		<Unit filename="inc\DynamicLibraryLoader.h" />
		<Unit filename="inc\Event.h" />
		<Unit filename="inc\EventEmitter.h" />
		<Unit filename="inc\EventListener.h" />
		<Unit filename="inc\EventReceiver.h" />
		<Unit filename="inc\Exception.h" />
		<Unit filename="inc\Factory.h" />
		<Unit filename="inc\File.h" />
		<Unit filename="inc\FileLoader.h" />
		<Unit filename="inc\FileSystem.h" />
		<Unit filename="inc\FileUtils.h" />
		<Unit filename="inc\FileWriter.h" />
		<Unit filename="inc\Keyboard.h" />
		<Unit filename="inc\List.h" />
		<Unit filename="inc\Main.h" />
		<Unit filename="inc\Manager.h" />
		<Unit filename="inc\Map.h" />
		<Unit filename="inc\Memory.h" />
		<Unit filename="inc\MemoryTracker.h" />
		<Unit filename="inc\NullLoader.h" />
		<Unit filename="inc\NullResource.h" />
		<Unit filename="inc\NullWriter.h" />
		<Unit filename="inc\Pair.h" />
		<Unit filename="inc\ParametedObject.h" />
		<Unit filename="inc\Platform.h" />
		<Unit filename="inc\PluginHandle.h" />
		<Unit filename="inc\PluginManager.h" />
		<Unit filename="inc\Resource.h" />
		<Unit filename="inc\ResourceLoader.h" />
		<Unit filename="inc\ResourceManager.h" />
		<Unit filename="inc\ResourceWriter.h" />
		<Unit filename="inc\SString.h" />
		<Unit filename="inc\SharedPointer.h" />
		<Unit filename="inc\Singleton.h" />
		<Unit filename="inc\System.h" />
		<Unit filename="inc\Variant.h" />
		<Unit filename="inc\Window.h" />
		<Unit filename="inc\WindowManager.h" />
		<Unit filename="src\Console.cpp" />
		<Unit filename="src\Context.cpp" />
		<Unit filename="src\Dialog.cpp" />
		<Unit filename="src\DynamicLibrary.cpp" />
		<Unit filename="src\DynamicLibraryLoader.cpp" />
		<Unit filename="src\Event.cpp" />
		<Unit filename="src\EventEmitter.cpp" />
		<Unit filename="src\EventListener.cpp" />
		<Unit filename="src\EventReceiver.cpp" />
		<Unit filename="src\Exception.cpp" />
		<Unit filename="src\File.cpp" />
		<Unit filename="src\FileLoader.cpp" />
		<Unit filename="src\FileSystem.cpp" />
		<Unit filename="src\FileUtils.cpp" />
		<Unit filename="src\FileWriter.cpp" />
		<Unit filename="src\Keyboard.cpp" />
		<Unit filename="src\Main.cpp" />
		<Unit filename="src\Memory.cpp" />
		<Unit filename="src\MemoryTracker.cpp" />
		<Unit filename="src\NullLoader.cpp" />
		<Unit filename="src\NullResource.cpp" />
		<Unit filename="src\NullWriter.cpp" />
		<Unit filename="src\ParametedObject.cpp" />
		<Unit filename="src\PluginHandle.cpp" />
		<Unit filename="src\PluginManager.cpp" />
		<Unit filename="src\Resource.cpp" />
		<Unit filename="src\ResourceLoader.cpp" />
		<Unit filename="src\ResourceManager.cpp" />
		<Unit filename="src\ResourceWriter.cpp" />
		<Unit filename="src\SString.cpp" />
		<Unit filename="src\Window.cpp" />
		<Unit filename="src\WindowManager.cpp" />
		<Extensions>
			<DoxyBlocks>
				<comment_style block="0" line="0" />
				<doxyfile_project />
				<doxyfile_build />
				<doxyfile_warnings />
				<doxyfile_output />
				<doxyfile_dot />
				<general />
			</DoxyBlocks>
			<code_completion />
			<envvars />
			<debugger />
			<lib_finder disable_auto="1" />
		</Extensions>
	</Project>
</CodeBlocks_project_file>
